
Microsoft Visual Studio Solution File, Format Version 12.00
# Visual Studio Version 17
VisualStudioVersion = 17.14.36301.6 d17.14
MinimumVisualStudioVersion = 10.0.40219.1
Project("{FAE04EC0-301F-11D3-BF4B-00C04F79EFBC}") = "WrenchMan", "WrenchMan\WrenchMan.csproj", "{E620CDDB-EA09-4B62-ADC6-3D7B05600576}"
EndProject
Project("{FAE04EC0-301F-11D3-BF4B-00C04F79EFBC}") = "BepinexLogAnalysis", "BepinexLogAnalysis\BepinexLogAnalysis.csproj", "{2B0D38F6-FCDA-4E82-A8CD-605DCE4C99D8}"
EndProject
Global
	GlobalSection(SolutionConfigurationPlatforms) = preSolution
		Debug|Any CPU = Debug|Any CPU
		Release|Any CPU = Release|Any CPU
	EndGlobalSection
	GlobalSection(ProjectConfigurationPlatforms) = postSolution
		{E620CDDB-EA09-4B62-ADC6-3D7B05600576}.Debug|Any CPU.ActiveCfg = Debug|Any CPU
		{E620CDDB-EA09-4B62-ADC6-3D7B05600576}.Debug|Any CPU.Build.0 = Debug|Any CPU
		{E620CDDB-EA09-4B62-ADC6-3D7B05600576}.Release|Any CPU.ActiveCfg = Release|Any CPU
		{E620CDDB-EA09-4B62-ADC6-3D7B05600576}.Release|Any CPU.Build.0 = Release|Any CPU
		{2B0D38F6-FCDA-4E82-A8CD-605DCE4C99D8}.Debug|Any CPU.ActiveCfg = Debug|Any CPU
		{2B0D38F6-FCDA-4E82-A8CD-605DCE4C99D8}.Debug|Any CPU.Build.0 = Debug|Any CPU
		{2B0D38F6-FCDA-4E82-A8CD-605DCE4C99D8}.Release|Any CPU.ActiveCfg = Release|Any CPU
		{2B0D38F6-FCDA-4E82-A8CD-605DCE4C99D8}.Release|Any CPU.Build.0 = Release|Any CPU
	EndGlobalSection
	GlobalSection(SolutionProperties) = preSolution
		HideSolutionNode = FALSE
	EndGlobalSection
	GlobalSection(ExtensibilityGlobals) = postSolution
		SolutionGuid = {E01BE054-C262-4F2F-9550-B765C5DF71D2}
	EndGlobalSection
EndGlobal
